
Microsoft Visual Studio Solution File, Format Version 12.00
# Visual Studio 2013
VisualStudioVersion = 12.0.30110.0
MinimumVisualStudioVersion = 10.0.40219.1
Project("{FAE04EC0-301F-11D3-BF4B-00C04F79EFBC}") = "1.Exam", "1.Exam\1.Exam.csproj", "{9B6A8CA9-708F-443D-B405-1A3087CC115D}"
EndProject
Project("{FAE04EC0-301F-11D3-BF4B-00C04F79EFBC}") = "2.Exam", "2.Exam\2.Exam.csproj", "{39F3B5B7-D4D4-45D0-900F-4727C107636A}"
EndProject
Project("{FAE04EC0-301F-11D3-BF4B-00C04F79EFBC}") = "3.Exam", "3.Exam\3.Exam.csproj", "{E5A46D8D-F561-4779-863A-101252A1D9E7}"
EndProject
Project("{FAE04EC0-301F-11D3-BF4B-00C04F79EFBC}") = "4.Exam", "4.Exam\4.Exam.csproj", "{D70EB6D1-198B-48D8-BAFE-5E47F4E19463}"
EndProject
Project("{FAE04EC0-301F-11D3-BF4B-00C04F79EFBC}") = "5.Exam", "5.Exam\5.Exam.csproj", "{648794A3-8271-4E12-94F7-0FD5E3FCCE5C}"
EndProject
Global
	GlobalSection(SolutionConfigurationPlatforms) = preSolution
		Debug|Any CPU = Debug|Any CPU
		Release|Any CPU = Release|Any CPU
	EndGlobalSection
	GlobalSection(ProjectConfigurationPlatforms) = postSolution
		{9B6A8CA9-708F-443D-B405-1A3087CC115D}.Debug|Any CPU.ActiveCfg = Debug|Any CPU
		{9B6A8CA9-708F-443D-B405-1A3087CC115D}.Debug|Any CPU.Build.0 = Debug|Any CPU
		{9B6A8CA9-708F-443D-B405-1A3087CC115D}.Release|Any CPU.ActiveCfg = Release|Any CPU
		{9B6A8CA9-708F-443D-B405-1A3087CC115D}.Release|Any CPU.Build.0 = Release|Any CPU
		{39F3B5B7-D4D4-45D0-900F-4727C107636A}.Debug|Any CPU.ActiveCfg = Debug|Any CPU
		{39F3B5B7-D4D4-45D0-900F-4727C107636A}.Debug|Any CPU.Build.0 = Debug|Any CPU
		{39F3B5B7-D4D4-45D0-900F-4727C107636A}.Release|Any CPU.ActiveCfg = Release|Any CPU
		{39F3B5B7-D4D4-45D0-900F-4727C107636A}.Release|Any CPU.Build.0 = Release|Any CPU
		{E5A46D8D-F561-4779-863A-101252A1D9E7}.Debug|Any CPU.ActiveCfg = Debug|Any CPU
		{E5A46D8D-F561-4779-863A-101252A1D9E7}.Debug|Any CPU.Build.0 = Debug|Any CPU
		{E5A46D8D-F561-4779-863A-101252A1D9E7}.Release|Any CPU.ActiveCfg = Release|Any CPU
		{E5A46D8D-F561-4779-863A-101252A1D9E7}.Release|Any CPU.Build.0 = Release|Any CPU
		{D70EB6D1-198B-48D8-BAFE-5E47F4E19463}.Debug|Any CPU.ActiveCfg = Debug|Any CPU
		{D70EB6D1-198B-48D8-BAFE-5E47F4E19463}.Debug|Any CPU.Build.0 = Debug|Any CPU
		{D70EB6D1-198B-48D8-BAFE-5E47F4E19463}.Release|Any CPU.ActiveCfg = Release|Any CPU
		{D70EB6D1-198B-48D8-BAFE-5E47F4E19463}.Release|Any CPU.Build.0 = Release|Any CPU
		{648794A3-8271-4E12-94F7-0FD5E3FCCE5C}.Debug|Any CPU.ActiveCfg = Debug|Any CPU
		{648794A3-8271-4E12-94F7-0FD5E3FCCE5C}.Debug|Any CPU.Build.0 = Debug|Any CPU
		{648794A3-8271-4E12-94F7-0FD5E3FCCE5C}.Release|Any CPU.ActiveCfg = Release|Any CPU
		{648794A3-8271-4E12-94F7-0FD5E3FCCE5C}.Release|Any CPU.Build.0 = Release|Any CPU
	EndGlobalSection
	GlobalSection(SolutionProperties) = preSolution
		HideSolutionNode = FALSE
	EndGlobalSection
EndGlobal
